
Microsoft Visual Studio Solution File, Format Version 12.00
# Visual Studio Version 16
VisualStudioVersion = 16.0.31624.102
MinimumVisualStudioVersion = 10.0.40219.1
Project("{FAE04EC0-301F-11D3-BF4B-00C04F79EFBC}") = "Challenge1", "Challenge1.csproj", "{1EC1F054-1448-49F6-A0CC-0E7AE6205270}"
EndProject
Global
	GlobalSection(SolutionConfigurationPlatforms) = preSolution
		Debug|Any CPU = Debug|Any CPU
		Release|Any CPU = Release|Any CPU
	EndGlobalSection
	GlobalSection(ProjectConfigurationPlatforms) = postSolution
		{1EC1F054-1448-49F6-A0CC-0E7AE6205270}.Debug|Any CPU.ActiveCfg = Debug|Any CPU
		{1EC1F054-1448-49F6-A0CC-0E7AE6205270}.Debug|Any CPU.Build.0 = Debug|Any CPU
		{1EC1F054-1448-49F6-A0CC-0E7AE6205270}.Release|Any CPU.ActiveCfg = Release|Any CPU
		{1EC1F054-1448-49F6-A0CC-0E7AE6205270}.Release|Any CPU.Build.0 = Release|Any CPU
	EndGlobalSection
	GlobalSection(SolutionProperties) = preSolution
		HideSolutionNode = FALSE
	EndGlobalSection
	GlobalSection(ExtensibilityGlobals) = postSolution
		SolutionGuid = {6E96691B-1038-4DFE-BCE0-7C55C23382FC}
	EndGlobalSection
EndGlobal
