
Microsoft Visual Studio Solution File, Format Version 12.00
# Visual Studio Version 16
VisualStudioVersion = 16.0.31624.102
MinimumVisualStudioVersion = 10.0.40219.1
Project("{FAE04EC0-301F-11D3-BF4B-00C04F79EFBC}") = "Challenge2", "Challenge2.csproj", "{4F333D3D-BC02-4D7C-B800-D557FFB1D27E}"
EndProject
Global
	GlobalSection(SolutionConfigurationPlatforms) = preSolution
		Debug|Any CPU = Debug|Any CPU
		Release|Any CPU = Release|Any CPU
	EndGlobalSection
	GlobalSection(ProjectConfigurationPlatforms) = postSolution
		{4F333D3D-BC02-4D7C-B800-D557FFB1D27E}.Debug|Any CPU.ActiveCfg = Debug|Any CPU
		{4F333D3D-BC02-4D7C-B800-D557FFB1D27E}.Debug|Any CPU.Build.0 = Debug|Any CPU
		{4F333D3D-BC02-4D7C-B800-D557FFB1D27E}.Release|Any CPU.ActiveCfg = Release|Any CPU
		{4F333D3D-BC02-4D7C-B800-D557FFB1D27E}.Release|Any CPU.Build.0 = Release|Any CPU
	EndGlobalSection
	GlobalSection(SolutionProperties) = preSolution
		HideSolutionNode = FALSE
	EndGlobalSection
	GlobalSection(ExtensibilityGlobals) = postSolution
		SolutionGuid = {6DD1EC27-2C94-4527-A365-5D34486041A1}
	EndGlobalSection
EndGlobal
